github.com/golang-jwt/jwt/v5 v5.3.1 h1:kYf81DTWFe7t+1VvL7eS+jKFVWaUnK9cB1qbwn63YCY=
github.com/golang-jwt/jwt/v5 v5.3.1/go.mod h1:fxCRLWMO43lRc8nhHWY6LGqRcf+1gQWArsqaEUEa5bE=
github.com/wso2/api-platform/sdk/core v0.2.4 h1:dwwe7QROmf1HIeCqhfiv82/34n6oAe2b0hazYljpPS0=
github.com/wso2/api-platform/sdk/core v0.2.4/go.mod h1:vgNVzR16g9k5cun3VXZ7wDg8UGbPxsVU2TW8EbRCv0o=
